
Microsoft Visual Studio Solution File, Format Version 12.00
# Visual Studio Version 16
VisualStudioVersion = 16.0.31321.278
MinimumVisualStudioVersion = 10.0.40219.1
Project("{FAE04EC0-301F-11D3-BF4B-00C04F79EFBC}") = "asyncgame", "asyncgame\asyncgame.csproj", "{7366EB5F-EC3C-4EDC-9ED7-3B2BBEC594E6}"
EndProject
Global
	GlobalSection(SolutionConfigurationPlatforms) = preSolution
		Debug|Any CPU = Debug|Any CPU
		Release|Any CPU = Release|Any CPU
	EndGlobalSection
	GlobalSection(ProjectConfigurationPlatforms) = postSolution
		{7366EB5F-EC3C-4EDC-9ED7-3B2BBEC594E6}.Debug|Any CPU.ActiveCfg = Debug|Any CPU
		{7366EB5F-EC3C-4EDC-9ED7-3B2BBEC594E6}.Debug|Any CPU.Build.0 = Debug|Any CPU
		{7366EB5F-EC3C-4EDC-9ED7-3B2BBEC594E6}.Release|Any CPU.ActiveCfg = Release|Any CPU
		{7366EB5F-EC3C-4EDC-9ED7-3B2BBEC594E6}.Release|Any CPU.Build.0 = Release|Any CPU
	EndGlobalSection
	GlobalSection(SolutionProperties) = preSolution
		HideSolutionNode = FALSE
	EndGlobalSection
	GlobalSection(ExtensibilityGlobals) = postSolution
		SolutionGuid = {61D4B8B6-FDFC-4EEA-A63B-8984C24A2969}
	EndGlobalSection
EndGlobal
